
Microsoft Visual Studio Solution File, Format Version 12.00
# Visual Studio Version 16
VisualStudioVersion = 16.0.30907.101
MinimumVisualStudioVersion = 10.0.40219.1
Project("{FAE04EC0-301F-11D3-BF4B-00C04F79EFBC}") = "GamemodeManager", "GamemodeManager.csproj", "{EA82F6D4-A92F-42DF-A896-B791C38465E6}"
EndProject
Global
	GlobalSection(SolutionConfigurationPlatforms) = preSolution
		Debug|Any CPU = Debug|Any CPU
		Release|Any CPU = Release|Any CPU
	EndGlobalSection
	GlobalSection(ProjectConfigurationPlatforms) = postSolution
		{EA82F6D4-A92F-42DF-A896-B791C38465E6}.Debug|Any CPU.ActiveCfg = Debug|Any CPU
		{EA82F6D4-A92F-42DF-A896-B791C38465E6}.Debug|Any CPU.Build.0 = Debug|Any CPU
		{EA82F6D4-A92F-42DF-A896-B791C38465E6}.Release|Any CPU.ActiveCfg = Release|Any CPU
		{EA82F6D4-A92F-42DF-A896-B791C38465E6}.Release|Any CPU.Build.0 = Release|Any CPU
	EndGlobalSection
	GlobalSection(SolutionProperties) = preSolution
		HideSolutionNode = FALSE
	EndGlobalSection
	GlobalSection(ExtensibilityGlobals) = postSolution
		SolutionGuid = {3EAF0C0E-2370-4717-BD3D-BDBB59A4C03D}
	EndGlobalSection
EndGlobal
